
Microsoft Visual Studio Solution File, Format Version 12.00
# Visual Studio Version 16
VisualStudioVersion = 16.0.31220.234
MinimumVisualStudioVersion = 10.0.40219.1
Project("{FAE04EC0-301F-11D3-BF4B-00C04F79EFBC}") = "Yahtzee", "Yahtzee\Yahtzee.csproj", "{10D0CFFA-6780-4194-9D82-A4FBDDC069CD}"
EndProject
Project("{FAE04EC0-301F-11D3-BF4B-00C04F79EFBC}") = "Yahtzee.Test", "Yahtzee.Test\Yahtzee.Test.csproj", "{A04F07CB-03A4-4D31-8813-B47692E0A7AB}"
EndProject
Global
	GlobalSection(SolutionConfigurationPlatforms) = preSolution
		Debug|Any CPU = Debug|Any CPU
		Release|Any CPU = Release|Any CPU
	EndGlobalSection
	GlobalSection(ProjectConfigurationPlatforms) = postSolution
		{10D0CFFA-6780-4194-9D82-A4FBDDC069CD}.Debug|Any CPU.ActiveCfg = Debug|Any CPU
		{10D0CFFA-6780-4194-9D82-A4FBDDC069CD}.Debug|Any CPU.Build.0 = Debug|Any CPU
		{10D0CFFA-6780-4194-9D82-A4FBDDC069CD}.Release|Any CPU.ActiveCfg = Release|Any CPU
		{10D0CFFA-6780-4194-9D82-A4FBDDC069CD}.Release|Any CPU.Build.0 = Release|Any CPU
		{A04F07CB-03A4-4D31-8813-B47692E0A7AB}.Debug|Any CPU.ActiveCfg = Debug|Any CPU
		{A04F07CB-03A4-4D31-8813-B47692E0A7AB}.Debug|Any CPU.Build.0 = Debug|Any CPU
		{A04F07CB-03A4-4D31-8813-B47692E0A7AB}.Release|Any CPU.ActiveCfg = Release|Any CPU
		{A04F07CB-03A4-4D31-8813-B47692E0A7AB}.Release|Any CPU.Build.0 = Release|Any CPU
	EndGlobalSection
	GlobalSection(SolutionProperties) = preSolution
		HideSolutionNode = FALSE
	EndGlobalSection
	GlobalSection(ExtensibilityGlobals) = postSolution
		SolutionGuid = {8E2143AB-F5DA-4FF9-9783-577451AF9E82}
	EndGlobalSection
EndGlobal
